// !$*UTF8*$!
{
	archiveVersion = 1;
	classes = {
	};
	objectVersion = 50;
	objects = {

/* Begin PBXBuildFile section */
		37368473269EDCF900047C3B /* ddddViewController.swift in Sources */ = {isa = PBXBuildFile; fileRef = 37368472269EDCF900047C3B /* ddddViewController.swift */; };
		37D0C9E926A0168800C86C06 /* PinViewController.swift in Sources */ = {isa = PBXBuildFile; fileRef = 37D0C9E826A0168800C86C06 /* PinViewController.swift */; };
		3E6C830920C60C69003E4076 /* AppDelegate.swift in Sources */ = {isa = PBXBuildFile; fileRef = 3E6C830820C60C69003E4076 /* AppDelegate.swift */; };
		3E6C830B20C60C69003E4076 /* ViewController.swift in Sources */ = {isa = PBXBuildFile; fileRef = 3E6C830A20C60C69003E4076 /* ViewController.swift */; };
		3E6C830E20C60C69003E4076 /* Main.storyboard in Resources */ = {isa = PBXBuildFile; fileRef = 3E6C830C20C60C69003E4076 /* Main.storyboard */; };
		3E6C831020C60C6B003E4076 /* Assets.xcassets in Resources */ = {isa = PBXBuildFile; fileRef = 3E6C830F20C60C6B003E4076 /* Assets.xcassets */; };
		3E6C831320C60C6B003E4076 /* LaunchScreen.storyboard in Resources */ = {isa = PBXBuildFile; fileRef = 3E6C831120C60C6B003E4076 /* LaunchScreen.storyboard */; };
		3E6C831E20C60C6B003E4076 /* BiometryTests.swift in Sources */ = {isa = PBXBuildFile; fileRef = 3E6C831D20C60C6B003E4076 /* BiometryTests.swift */; };
		3E6C832920C60C6B003E4076 /* BiometryUITests.swift in Sources */ = {isa = PBXBuildFile; fileRef = 3E6C832820C60C6B003E4076 /* BiometryUITests.swift */; };
		3E6C833820C60CF5003E4076 /* LocalAuthentication.framework in Frameworks */ = {isa = PBXBuildFile; fileRef = 3E6C833720C60CF5003E4076 /* LocalAuthentication.framework */; };
/* End PBXBuildFile section */

/* Begin PBXContainerItemProxy section */
		3E6C831A20C60C6B003E4076 /* PBXContainerItemProxy */ = {
			isa = PBXContainerItemProxy;
			containerPortal = 3E6C82FD20C60C69003E4076 /* Project object */;
			proxyType = 1;
			remoteGlobalIDString = 3E6C830420C60C69003E4076;
			remoteInfo = Biometry;
		};
		3E6C832520C60C6B003E4076 /* PBXContainerItemProxy */ = {
			isa = PBXContainerItemProxy;
			containerPortal = 3E6C82FD20C60C69003E4076 /* Project object */;
			proxyType = 1;
			remoteGlobalIDString = 3E6C830420C60C69003E4076;
			remoteInfo = Biometry;
		};
/* End PBXContainerItemProxy section */

/* Begin PBXFileReference section */
		37368472269EDCF900047C3B /* ddddViewController.swift */ = {isa = PBXFileReference; lastKnownFileType = sourcecode.swift; path = ddddViewController.swift; sourceTree = "<group>"; };
		37D0C9E826A0168800C86C06 /* PinViewController.swift */ = {isa = PBXFileReference; lastKnownFileType = sourcecode.swift; path = PinViewController.swift; sourceTree = "<group>"; };
		3E6C830520C60C69003E4076 /* Biometry.app */ = {isa = PBXFileReference; explicitFileType = wrapper.application; includeInIndex = 0; path = Biometry.app; sourceTree = BUILT_PRODUCTS_DIR; };
		3E6C830820C60C69003E4076 /* AppDelegate.swift */ = {isa = PBXFileReference; lastKnownFileType = sourcecode.swift; path = AppDelegate.swift; sourceTree = "<group>"; };
		3E6C830A20C60C69003E4076 /* ViewController.swift */ = {isa = PBXFileReference; lastKnownFileType = sourcecode.swift; path = ViewController.swift; sourceTree = "<group>"; };
		3E6C830D20C60C69003E4076 /* Base */ = {isa = PBXFileReference; lastKnownFileType = file.storyboard; name = Base; path = Base.lproj/Main.storyboard; sourceTree = "<group>"; };
		3E6C830F20C60C6B003E4076 /* Assets.xcassets */ = {isa = PBXFileReference; lastKnownFileType = folder.assetcatalog; path = Assets.xcassets; sourceTree = "<group>"; };
		3E6C831220C60C6B003E4076 /* Base */ = {isa = PBXFileReference; lastKnownFileType = file.storyboard; name = Base; path = Base.lproj/LaunchScreen.storyboard; sourceTree = "<group>"; };
		3E6C831420C60C6B003E4076 /* Info.plist */ = {isa = PBXFileReference; lastKnownFileType = text.plist.xml; path = Info.plist; sourceTree = "<group>"; };
		3E6C831920C60C6B003E4076 /* BiometryTests.xctest */ = {isa = PBXFileReference; explicitFileType = wrapper.cfbundle; includeInIndex = 0; path = BiometryTests.xctest; sourceTree = BUILT_PRODUCTS_DIR; };
		3E6C831D20C60C6B003E4076 /* BiometryTests.swift */ = {isa = PBXFileReference; lastKnownFileType = sourcecode.swift; path = BiometryTests.swift; sourceTree = "<group>"; };
		3E6C831F20C60C6B003E4076 /* Info.plist */ = {isa = PBXFileReference; lastKnownFileType = text.plist.xml; path = Info.plist; sourceTree = "<group>"; };
		3E6C832420C60C6B003E4076 /* BiometryUITests.xctest */ = {isa = PBXFileReference; explicitFileType = wrapper.cfbundle; includeInIndex = 0; path = BiometryUITests.xctest; sourceTree = BUILT_PRODUCTS_DIR; };
		3E6C832820C60C6B003E4076 /* BiometryUITests.swift */ = {isa = PBXFileReference; lastKnownFileType = sourcecode.swift; path = BiometryUITests.swift; sourceTree = "<group>"; };
		3E6C832A20C60C6B003E4076 /* Info.plist */ = {isa = PBXFileReference; lastKnownFileType = text.plist.xml; path = Info.plist; sourceTree = "<group>"; };
		3E6C833720C60CF5003E4076 /* LocalAuthentication.framework */ = {isa = PBXFileReference; lastKnownFileType = wrapper.framework; name = LocalAuthentication.framework; path = System/Library/Frameworks/LocalAuthentication.framework; sourceTree = SDKROOT; };
/* End PBXFileReference section */

/* Begin PBXFrameworksBuildPhase section */
		3E6C830220C60C69003E4076 /* Frameworks */ = {
			isa = PBXFrameworksBuildPhase;
			buildActionMask = 2147483647;
			files = (
				3E6C833820C60CF5003E4076 /* LocalAuthentication.framework in Frameworks */,
			);
			runOnlyForDeploymentPostprocessing = 0;
		};
		3E6C831620C60C6B003E4076 /* Frameworks */ = {
			isa = PBXFrameworksBuildPhase;
			buildActionMask = 2147483647;
			files = (
			);
			runOnlyForDeploymentPostprocessing = 0;
		};
		3E6C832120C60C6B003E4076 /* Frameworks */ = {
			isa = PBXFrameworksBuildPhase;
			buildActionMask = 2147483647;
			files = (
			);
			runOnlyForDeploymentPostprocessing = 0;
		};
/* End PBXFrameworksBuildPhase section */

/* Begin PBXGroup section */
		3E6C82FC20C60C69003E4076 = {
			isa = PBXGroup;
			children = (
				3E6C830720C60C69003E4076 /* Biometry */,
				3E6C831C20C60C6B003E4076 /* BiometryTests */,
				3E6C832720C60C6B003E4076 /* BiometryUITests */,
				3E6C830620C60C69003E4076 /* Products */,
				3E6C833620C60CF5003E4076 /* Frameworks */,
			);
			sourceTree = "<group>";
		};
		3E6C830620C60C69003E4076 /* Products */ = {
			isa = PBXGroup;
			children = (
				3E6C830520C60C69003E4076 /* Biometry.app */,
				3E6C831920C60C6B003E4076 /* BiometryTests.xctest */,
				3E6C832420C60C6B003E4076 /* BiometryUITests.xctest */,
			);
			name = Products;
			sourceTree = "<group>";
		};
		3E6C830720C60C69003E4076 /* Biometry */ = {
			isa = PBXGroup;
			children = (
				3E6C830820C60C69003E4076 /* AppDelegate.swift */,
				3E6C830A20C60C69003E4076 /* ViewController.swift */,
				3E6C830C20C60C69003E4076 /* Main.storyboard */,
				3E6C830F20C60C6B003E4076 /* Assets.xcassets */,
				3E6C831120C60C6B003E4076 /* LaunchScreen.storyboard */,
				3E6C831420C60C6B003E4076 /* Info.plist */,
				37368472269EDCF900047C3B /* ddddViewController.swift */,
				37D0C9E826A0168800C86C06 /* PinViewController.swift */,
			);
			path = Biometry;
			sourceTree = "<group>";
		};
		3E6C831C20C60C6B003E4076 /* BiometryTests */ = {
			isa = PBXGroup;
			children = (
				3E6C831D20C60C6B003E4076 /* BiometryTests.swift */,
				3E6C831F20C60C6B003E4076 /* Info.plist */,
			);
			path = BiometryTests;
			sourceTree = "<group>";
		};
		3E6C832720C60C6B003E4076 /* BiometryUITests */ = {
			isa = PBXGroup;
			children = (
				3E6C832820C60C6B003E4076 /* BiometryUITests.swift */,
				3E6C832A20C60C6B003E4076 /* Info.plist */,
			);
			path = BiometryUITests;
			sourceTree = "<group>";
		};
		3E6C833620C60CF5003E4076 /* Frameworks */ = {
			isa = PBXGroup;
			children = (
				3E6C833720C60CF5003E4076 /* LocalAuthentication.framework */,
			);
			name = Frameworks;
			sourceTree = "<group>";
		};
/* End PBXGroup section */

/* Begin PBXNativeTarget section */
		3E6C830420C60C69003E4076 /* Biometry */ = {
			isa = PBXNativeTarget;
			buildConfigurationList = 3E6C832D20C60C6B003E4076 /* Build configuration list for PBXNativeTarget "Biometry" */;
			buildPhases = (
				3E6C830120C60C69003E4076 /* Sources */,
				3E6C830220C60C69003E4076 /* Frameworks */,
				3E6C830320C60C69003E4076 /* Resources */,
			);
			buildRules = (
			);
			dependencies = (
			);
			name = Biometry;
			productName = Biometry;
			productReference = 3E6C830520C60C69003E4076 /* Biometry.app */;
			productType = "com.apple.product-type.application";
		};
		3E6C831820C60C6B003E4076 /* BiometryTests */ = {
			isa = PBXNativeTarget;
			buildConfigurationList = 3E6C833020C60C6B003E4076 /* Build configuration list for PBXNativeTarget "BiometryTests" */;
			buildPhases = (
				3E6C831520C60C6B003E4076 /* Sources */,
				3E6C831620C60C6B003E4076 /* Frameworks */,
				3E6C831720C60C6B003E4076 /* Resources */,
			);
			buildRules = (
			);
			dependencies = (
				3E6C831B20C60C6B003E4076 /* PBXTargetDependency */,
			);
			name = BiometryTests;
			productName = BiometryTests;
			productReference = 3E6C831920C60C6B003E4076 /* BiometryTests.xctest */;
			productType = "com.apple.product-type.bundle.unit-test";
		};
		3E6C832320C60C6B003E4076 /* BiometryUITests */ = {
			isa = PBXNativeTarget;
			buildConfigurationList = 3E6C833320C60C6B003E4076 /* Build configuration list for PBXNativeTarget "BiometryUITests" */;
			buildPhases = (
				3E6C832020C60C6B003E4076 /* Sources */,
				3E6C832120C60C6B003E4076 /* Frameworks */,
				3E6C832220C60C6B003E4076 /* Resources */,
			);
			buildRules = (
			);
			dependencies = (
				3E6C832620C60C6B003E4076 /* PBXTargetDependency */,
			);
			name = BiometryUITests;
			productName = BiometryUITests;
			productReference = 3E6C832420C60C6B003E4076 /* BiometryUITests.xctest */;
			productType = "com.apple.product-type.bundle.ui-testing";
		};
/* End PBXNativeTarget section */

/* Begin PBXProject section */
		3E6C82FD20C60C69003E4076 /* Project object */ = {
			isa = PBXProject;
			attributes = {
				LastSwiftUpdateCheck = 0940;
				LastUpgradeCheck = 0940;
				ORGANIZATIONNAME = "Youngchai Song";
				TargetAttributes = {
					3E6C830420C60C69003E4076 = {
						CreatedOnToolsVersion = 9.4;
					};
					3E6C831820C60C6B003E4076 = {
						CreatedOnToolsVersion = 9.4;
						TestTargetID = 3E6C830420C60C69003E4076;
					};
					3E6C832320C60C6B003E4076 = {
						CreatedOnToolsVersion = 9.4;
						TestTargetID = 3E6C830420C60C69003E4076;
					};
				};
			};
			buildConfigurationList = 3E6C830020C60C69003E4076 /* Build configuration list for PBXProject "Biometry" */;
			compatibilityVersion = "Xcode 9.3";
			developmentRegion = en;
			hasScannedForEncodings = 0;
			knownRegions = (
				en,
				Base,
			);
			mainGroup = 3E6C82FC20C60C69003E4076;
			productRefGroup = 3E6C830620C60C69003E4076 /* Products */;
			projectDirPath = "";
			projectRoot = "";
			targets = (
				3E6C830420C60C69003E4076 /* Biometry */,
				3E6C831820C60C6B003E4076 /* BiometryTests */,
				3E6C832320C60C6B003E4076 /* BiometryUITests */,
			);
		};
/* End PBXProject section */

/* Begin PBXResourcesBuildPhase section */
		3E6C830320C60C69003E4076 /* Resources */ = {
			isa = PBXResourcesBuildPhase;
			buildActionMask = 2147483647;
			files = (
				3E6C831320C60C6B003E4076 /* LaunchScreen.storyboard in Resources */,
				3E6C831020C60C6B003E4076 /* Assets.xcassets in Resources */,
				3E6C830E20C60C69003E4076 /* Main.storyboard in Resources */,
			);
			runOnlyForDeploymentPostprocessing = 0;
		};
		3E6C831720C60C6B003E4076 /* Resources */ = {
			isa = PBXResourcesBuildPhase;
			buildActionMask = 2147483647;
			files = (
			);
			runOnlyForDeploymentPostprocessing = 0;
		};
		3E6C832220C60C6B003E4076 /* Resources */ = {
			isa = PBXResourcesBuildPhase;
			buildActionMask = 2147483647;
			files = (
			);
			runOnlyForDeploymentPostprocessing = 0;
		};
/* End PBXResourcesBuildPhase section */

/* Begin PBXSourcesBuildPhase section */
		3E6C830120C60C69003E4076 /* Sources */ = {
			isa = PBXSourcesBuildPhase;
			buildActionMask = 2147483647;
			files = (
				37D0C9E926A0168800C86C06 /* PinViewController.swift in Sources */,
				3E6C830B20C60C69003E4076 /* ViewController.swift in Sources */,
				3E6C830920C60C69003E4076 /* AppDelegate.swift in Sources */,
				37368473269EDCF900047C3B /* ddddViewController.swift in Sources */,
			);
			runOnlyForDeploymentPostprocessing = 0;
		};
		3E6C831520C60C6B003E4076 /* Sources */ = {
			isa = PBXSourcesBuildPhase;
			buildActionMask = 2147483647;
			files = (
				3E6C831E20C60C6B003E4076 /* BiometryTests.swift in Sources */,
			);
			runOnlyForDeploymentPostprocessing = 0;
		};
		3E6C832020C60C6B003E4076 /* Sources */ = {
			isa = PBXSourcesBuildPhase;
			buildActionMask = 2147483647;
			files = (
				3E6C832920C60C6B003E4076 /* BiometryUITests.swift in Sources */,
			);
			runOnlyForDeploymentPostprocessing = 0;
		};
/* End PBXSourcesBuildPhase section */

/* Begin PBXTargetDependency section */
		3E6C831B20C60C6B003E4076 /* PBXTargetDependency */ = {
			isa = PBXTargetDependency;
			target = 3E6C830420C60C69003E4076 /* Biometry */;
			targetProxy = 3E6C831A20C60C6B003E4076 /* PBXContainerItemProxy */;
		};
		3E6C832620C60C6B003E4076 /* PBXTargetDependency */ = {
			isa = PBXTargetDependency;
			target = 3E6C830420C60C69003E4076 /* Biometry */;
			targetProxy = 3E6C832520C60C6B003E4076 /* PBXContainerItemProxy */;
		};
/* End PBXTargetDependency section */

/* Begin PBXVariantGroup section */
		3E6C830C20C60C69003E4076 /* Main.storyboard */ = {
			isa = PBXVariantGroup;
			children = (
				3E6C830D20C60C69003E4076 /* Base */,
			);
			name = Main.storyboard;
			sourceTree = "<group>";
		};
		3E6C831120C60C6B003E4076 /* LaunchScreen.storyboard */ = {
			isa = PBXVariantGroup;
			children = (
				3E6C831220C60C6B003E4076 /* Base */,
			);
			name = LaunchScreen.storyboard;
			sourceTree = "<group>";
		};
/* End PBXVariantGroup section */

/* Begin XCBuildConfiguration section */
		3E6C832B20C60C6B003E4076 /* Debug */ = {
			isa = XCBuildConfiguration;
			buildSettings = {
				ALWAYS_SEARCH_USER_PATHS = NO;
				CLANG_ANALYZER_NONNULL = YES;
				CLANG_ANALYZER_NUMBER_OBJECT_CONVERSION = YES_AGGRESSIVE;
				CLANG_CXX_LANGUAGE_STANDARD = "gnu++14";
				CLANG_CXX_LIBRARY = "libc++";
				CLANG_ENABLE_MODULES = YES;
				CLANG_ENABLE_OBJC_ARC = YES;
				CLANG_ENABLE_OBJC_WEAK = YES;
				CLANG_WARN_BLOCK_CAPTURE_AUTORELEASING = YES;
				CLANG_WARN_BOOL_CONVERSION = YES;
				CLANG_WARN_COMMA = YES;
				CLANG_WARN_CONSTANT_CONVERSION = YES;
				CLANG_WARN_DEPRECATED_OBJC_IMPLEMENTATIONS = YES;
				CLANG_WARN_DIRECT_OBJC_ISA_USAGE = YES_ERROR;
				CLANG_WARN_DOCUMENTATION_COMMENTS = YES;
				CLANG_WARN_EMPTY_BODY = YES;
				CLANG_WARN_ENUM_CONVERSION = YES;
				CLANG_WARN_INFINITE_RECURSION = YES;
				CLANG_WARN_INT_CONVERSION = YES;
				CLANG_WARN_NON_LITERAL_NULL_CONVERSION = YES;
				CLANG_WARN_OBJC_IMPLICIT_RETAIN_SELF = YES;
				CLANG_WARN_OBJC_LITERAL_CONVERSION = YES;
				CLANG_WARN_OBJC_ROOT_CLASS = YES_ERROR;
				CLANG_WARN_RANGE_LOOP_ANALYSIS = YES;
				CLANG_WARN_STRICT_PROTOTYPES = YES;
				CLANG_WARN_SUSPICIOUS_MOVE = YES;
				CLANG_WARN_UNGUARDED_AVAILABILITY = YES_AGGRESSIVE;
				CLANG_WARN_UNREACHABLE_CODE = YES;
				CLANG_WARN__DUPLICATE_METHOD_MATCH = YES;
				CODE_SIGN_IDENTITY = "iPhone Developer";
				COPY_PHASE_STRIP = NO;
				DEBUG_INFORMATION_FORMAT = dwarf;
				ENABLE_STRICT_OBJC_MSGSEND = YES;
				ENABLE_TESTABILITY = YES;
				GCC_C_LANGUAGE_STANDARD = gnu11;
				GCC_DYNAMIC_NO_PIC = NO;
				GCC_NO_COMMON_BLOCKS = YES;
				GCC_OPTIMIZATION_LEVEL = 0;
				GCC_PREPROCESSOR_DEFINITIONS = (
					"DEBUG=1",
					"$(inherited)",
				);
				GCC_WARN_64_TO_32_BIT_CONVERSION = YES;
				GCC_WARN_ABOUT_RETURN_TYPE = YES_ERROR;
				GCC_WARN_UNDECLARED_SELECTOR = YES;
				GCC_WARN_UNINITIALIZED_AUTOS = YES_AGGRESSIVE;
				GCC_WARN_UNUSED_FUNCTION = YES;
				GCC_WARN_UNUSED_VARIABLE = YES;
				IPHONEOS_DEPLOYMENT_TARGET = 11.4;
				MTL_ENABLE_DEBUG_INFO = YES;
				ONLY_ACTIVE_ARCH = YES;
				SDKROOT = iphoneos;
				SWIFT_ACTIVE_COMPILATION_CONDITIONS = DEBUG;
				SWIFT_OPTIMIZATION_LEVEL = "-Onone";
			};
			name = Debug;
		};
		3E6C832C20C60C6B003E4076 /* Release */ = {
			isa = XCBuildConfiguration;
			buildSettings = {
				ALWAYS_SEARCH_USER_PATHS = NO;
				CLANG_ANALYZER_NONNULL = YES;
				CLANG_ANALYZER_NUMBER_OBJECT_CONVERSION = YES_AGGRESSIVE;
				CLANG_CXX_LANGUAGE_STANDARD = "gnu++14";
				CLANG_CXX_LIBRARY = "libc++";
				CLANG_ENABLE_MODULES = YES;
				CLANG_ENABLE_OBJC_ARC = YES;
				CLANG_ENABLE_OBJC_WEAK = YES;
				CLANG_WARN_BLOCK_CAPTURE_AUTORELEASING = YES;
				CLANG_WARN_BOOL_CONVERSION = YES;
				CLANG_WARN_COMMA = YES;
				CLANG_WARN_CONSTANT_CONVERSION = YES;
				CLANG_WARN_DEPRECATED_OBJC_IMPLEMENTATIONS = YES;
				CLANG_WARN_DIRECT_OBJC_ISA_USAGE = YES_ERROR;
				CLANG_WARN_DOCUMENTATION_COMMENTS = YES;
				CLANG_WARN_EMPTY_BODY = YES;
				CLANG_WARN_ENUM_CONVERSION = YES;
				CLANG_WARN_INFINITE_RECURSION = YES;
				CLANG_WARN_INT_CONVERSION = YES;
				CLANG_WARN_NON_LITERAL_NULL_CONVERSION = YES;
				CLANG_WARN_OBJC_IMPLICIT_RETAIN_SELF = YES;
				CLANG_WARN_OBJC_LITERAL_CONVERSION = YES;
				CLANG_WARN_OBJC_ROOT_CLASS = YES_ERROR;
				CLANG_WARN_RANGE_LOOP_ANALYSIS = YES;
				CLANG_WARN_STRICT_PROTOTYPES = YES;
				CLANG_WARN_SUSPICIOUS_MOVE = YES;
				CLANG_WARN_UNGUARDED_AVAILABILITY = YES_AGGRESSIVE;
				CLANG_WARN_UNREACHABLE_CODE = YES;
				CLANG_WARN__DUPLICATE_METHOD_MATCH = YES;
				CODE_SIGN_IDENTITY = "iPhone Developer";
				COPY_PHASE_STRIP = NO;
				DEBUG_INFORMATION_FORMAT = "dwarf-with-dsym";
				ENABLE_NS_ASSERTIONS = NO;
				ENABLE_STRICT_OBJC_MSGSEND = YES;
				GCC_C_LANGUAGE_STANDARD = gnu11;
				GCC_NO_COMMON_BLOCKS = YES;
				GCC_WARN_64_TO_32_BIT_CONVERSION = YES;
				GCC_WARN_ABOUT_RETURN_TYPE = YES_ERROR;
				GCC_WARN_UNDECLARED_SELECTOR = YES;
				GCC_WARN_UNINITIALIZED_AUTOS = YES_AGGRESSIVE;
				GCC_WARN_UNUSED_FUNCTION = YES;
				GCC_WARN_UNUSED_VARIABLE = YES;
				IPHONEOS_DEPLOYMENT_TARGET = 11.4;
				MTL_ENABLE_DEBUG_INFO = NO;
				SDKROOT = iphoneos;
				SWIFT_COMPILATION_MODE = wholemodule;
				SWIFT_OPTIMIZATION_LEVEL = "-O";
				VALIDATE_PRODUCT = YES;
			};
			name = Release;
		};
		3E6C832E20C60C6B003E4076 /* Debug */ = {
			isa = XCBuildConfiguration;
			buildSettings = {
				ASSETCATALOG_COMPILER_APPICON_NAME = AppIcon;
				CODE_SIGN_IDENTITY = "Apple Development";
				CODE_SIGN_STYLE = Automatic;
				DEVELOPMENT_TEAM = 9ZZ55L6JFG;
				INFOPLIST_FILE = Biometry/Info.plist;
				LD_RUNPATH_SEARCH_PATHS = (
					"$(inherited)",
					"@executable_path/Frameworks",
				);
				PRODUCT_BUNDLE_IDENTIFIER = com.junu.Biometryp;
				PRODUCT_NAME = "$(TARGET_NAME)";
				PROVISIONING_PROFILE_SPECIFIER = "";
				SWIFT_VERSION = 4.0;
				TARGETED_DEVICE_FAMILY = "1,2";
			};
			name = Debug;
		};
		3E6C832F20C60C6B003E4076 /* Release */ = {
			isa = XCBuildConfiguration;
			buildSettings = {
				ASSETCATALOG_COMPILER_APPICON_NAME = AppIcon;
				CODE_SIGN_IDENTITY = "Apple Development";
				CODE_SIGN_STYLE = Automatic;
				DEVELOPMENT_TEAM = 9ZZ55L6JFG;
				INFOPLIST_FILE = Biometry/Info.plist;
				LD_RUNPATH_SEARCH_PATHS = (
					"$(inherited)",
					"@executable_path/Frameworks",
				);
				PRODUCT_BUNDLE_IDENTIFIER = com.junu.Biometryp;
				PRODUCT_NAME = "$(TARGET_NAME)";
				PROVISIONING_PROFILE_SPECIFIER = "";
				SWIFT_VERSION = 4.0;
				TARGETED_DEVICE_FAMILY = "1,2";
			};
			name = Release;
		};
		3E6C833120C60C6B003E4076 /* Debug */ = {
			isa = XCBuildConfiguration;
			buildSettings = {
				ALWAYS_EMBED_SWIFT_STANDARD_LIBRARIES = YES;
				BUNDLE_LOADER = "$(TEST_HOST)";
				CODE_SIGN_STYLE = Automatic;
				INFOPLIST_FILE = BiometryTests/Info.plist;
				LD_RUNPATH_SEARCH_PATHS = (
					"$(inherited)",
					"@executable_path/Frameworks",
					"@loader_path/Frameworks",
				);
				PRODUCT_BUNDLE_IDENTIFIER = com.junu.BiometryTests;
				PRODUCT_NAME = "$(TARGET_NAME)";
				SWIFT_VERSION = 4.0;
				TARGETED_DEVICE_FAMILY = "1,2";
				TEST_HOST = "$(BUILT_PRODUCTS_DIR)/Biometry.app/Biometry";
			};
			name = Debug;
		};
		3E6C833220C60C6B003E4076 /* Release */ = {
			isa = XCBuildConfiguration;
			buildSettings = {
				ALWAYS_EMBED_SWIFT_STANDARD_LIBRARIES = YES;
				BUNDLE_LOADER = "$(TEST_HOST)";
				CODE_SIGN_STYLE = Automatic;
				INFOPLIST_FILE = BiometryTests/Info.plist;
				LD_RUNPATH_SEARCH_PATHS = (
					"$(inherited)",
					"@executable_path/Frameworks",
					"@loader_path/Frameworks",
				);
				PRODUCT_BUNDLE_IDENTIFIER = com.junu.BiometryTests;
				PRODUCT_NAME = "$(TARGET_NAME)";
				SWIFT_VERSION = 4.0;
				TARGETED_DEVICE_FAMILY = "1,2";
				TEST_HOST = "$(BUILT_PRODUCTS_DIR)/Biometry.app/Biometry";
			};
			name = Release;
		};
		3E6C833420C60C6B003E4076 /* Debug */ = {
			isa = XCBuildConfiguration;
			buildSettings = {
				ALWAYS_EMBED_SWIFT_STANDARD_LIBRARIES = YES;
				CODE_SIGN_STYLE = Automatic;
				INFOPLIST_FILE = BiometryUITests/Info.plist;
				LD_RUNPATH_SEARCH_PATHS = (
					"$(inherited)",
					"@executable_path/Frameworks",
					"@loader_path/Frameworks",
				);
				PRODUCT_BUNDLE_IDENTIFIER = com.junu.BiometryUITests;
				PRODUCT_NAME = "$(TARGET_NAME)";
				SWIFT_VERSION = 4.0;
				TARGETED_DEVICE_FAMILY = "1,2";
				TEST_TARGET_NAME = Biometry;
			};
			name = Debug;
		};
		3E6C833520C60C6B003E4076 /* Release */ = {
			isa = XCBuildConfiguration;
			buildSettings = {
				ALWAYS_EMBED_SWIFT_STANDARD_LIBRARIES = YES;
				CODE_SIGN_STYLE = Automatic;
				INFOPLIST_FILE = BiometryUITests/Info.plist;
				LD_RUNPATH_SEARCH_PATHS = (
					"$(inherited)",
					"@executable_path/Frameworks",
					"@loader_path/Frameworks",
				);
				PRODUCT_BUNDLE_IDENTIFIER = com.junu.BiometryUITests;
				PRODUCT_NAME = "$(TARGET_NAME)";
				SWIFT_VERSION = 4.0;
				TARGETED_DEVICE_FAMILY = "1,2";
				TEST_TARGET_NAME = Biometry;
			};
			name = Release;
		};
/* End XCBuildConfiguration section */

/* Begin XCConfigurationList section */
		3E6C830020C60C69003E4076 /* Build configuration list for PBXProject "Biometry" */ = {
			isa = XCConfigurationList;
			buildConfigurations = (
				3E6C832B20C60C6B003E4076 /* Debug */,
				3E6C832C20C60C6B003E4076 /* Release */,
			);
			defaultConfigurationIsVisible = 0;
			defaultConfigurationName = Release;
		};
		3E6C832D20C60C6B003E4076 /* Build configuration list for PBXNativeTarget "Biometry" */ = {
			isa = XCConfigurationList;
			buildConfigurations = (
				3E6C832E20C60C6B003E4076 /* Debug */,
				3E6C832F20C60C6B003E4076 /* Release */,
			);
			defaultConfigurationIsVisible = 0;
			defaultConfigurationName = Release;
		};
		3E6C833020C60C6B003E4076 /* Build configuration list for PBXNativeTarget "BiometryTests" */ = {
			isa = XCConfigurationList;
			buildConfigurations = (
				3E6C833120C60C6B003E4076 /* Debug */,
				3E6C833220C60C6B003E4076 /* Release */,
			);
			defaultConfigurationIsVisible = 0;
			defaultConfigurationName = Release;
		};
		3E6C833320C60C6B003E4076 /* Build configuration list for PBXNativeTarget "BiometryUITests" */ = {
			isa = XCConfigurationList;
			buildConfigurations = (
				3E6C833420C60C6B003E4076 /* Debug */,
				3E6C833520C60C6B003E4076 /* Release */,
			);
			defaultConfigurationIsVisible = 0;
			defaultConfigurationName = Release;
		};
/* End XCConfigurationList section */
	};
	rootObject = 3E6C82FD20C60C69003E4076 /* Project object */;
}
